// !$*UTF8*$!
{
	archiveVersion = 1;
	classes = {
	};
	objectVersion = 55;
	objects = {

/* Begin PBXBuildFile section */
		1FC4AA27282CC6A100E8C36D /* FeatureX.framework in Frameworks */ = {isa = PBXBuildFile; fileRef = 1FC4AA26282CC6A100E8C36D /* FeatureX.framework */; };
		1FC4AA28282CC6A100E8C36D /* FeatureX.framework in Embed Frameworks */ = {isa = PBXBuildFile; fileRef = 1FC4AA26282CC6A100E8C36D /* FeatureX.framework */; settings = {ATTRIBUTES = (CodeSignOnCopy, RemoveHeadersOnCopy, ); }; };
		1FD120DA27E831AE00C0F4F5 /* AppDelegate.swift in Sources */ = {isa = PBXBuildFile; fileRef = 1FD120D927E831AE00C0F4F5 /* AppDelegate.swift */; };
		1FD120DC27E831AE00C0F4F5 /* SceneDelegate.swift in Sources */ = {isa = PBXBuildFile; fileRef = 1FD120DB27E831AE00C0F4F5 /* SceneDelegate.swift */; };
		1FD120DE27E831AE00C0F4F5 /* ViewController.swift in Sources */ = {isa = PBXBuildFile; fileRef = 1FD120DD27E831AE00C0F4F5 /* ViewController.swift */; };
		1FD120E127E831AE00C0F4F5 /* Main.storyboard in Resources */ = {isa = PBXBuildFile; fileRef = 1FD120DF27E831AE00C0F4F5 /* Main.storyboard */; };
		1FD120E327E831AF00C0F4F5 /* Assets.xcassets in Resources */ = {isa = PBXBuildFile; fileRef = 1FD120E227E831AF00C0F4F5 /* Assets.xcassets */; };
		1FD120E627E831AF00C0F4F5 /* LaunchScreen.storyboard in Resources */ = {isa = PBXBuildFile; fileRef = 1FD120E427E831AF00C0F4F5 /* LaunchScreen.storyboard */; };
		1FD120F127E831AF00C0F4F5 /* ApplicationTests.swift in Sources */ = {isa = PBXBuildFile; fileRef = 1FD120F027E831AF00C0F4F5 /* ApplicationTests.swift */; };
		1FD120FB27E831AF00C0F4F5 /* ApplicationUITests.swift in Sources */ = {isa = PBXBuildFile; fileRef = 1FD120FA27E831AF00C0F4F5 /* ApplicationUITests.swift */; };
		1FD120FD27E831AF00C0F4F5 /* ApplicationUITestsLaunchTests.swift in Sources */ = {isa = PBXBuildFile; fileRef = 1FD120FC27E831AF00C0F4F5 /* ApplicationUITestsLaunchTests.swift */; };
		1FD121B927E8451D00C0F4F5 /* AppDummy.swift in Sources */ = {isa = PBXBuildFile; fileRef = 1FD121B827E8451D00C0F4F5 /* AppDummy.swift */; };
		1FD121BB27E8465400C0F4F5 /* Core.framework in Frameworks */ = {isa = PBXBuildFile; fileRef = 1FD121BA27E8465400C0F4F5 /* Core.framework */; };
		1FD121BC27E8465400C0F4F5 /* Core.framework in Embed Frameworks */ = {isa = PBXBuildFile; fileRef = 1FD121BA27E8465400C0F4F5 /* Core.framework */; settings = {ATTRIBUTES = (CodeSignOnCopy, RemoveHeadersOnCopy, ); }; };
		70F29427181E568B46E71E78 /* libPods-Application.a in Frameworks */ = {isa = PBXBuildFile; fileRef = DCE1EF878E60FA8F9B196CEA /* libPods-Application.a */; };
/* End PBXBuildFile section */

/* Begin PBXContainerItemProxy section */
		1FD120ED27E831AF00C0F4F5 /* PBXContainerItemProxy */ = {
			isa = PBXContainerItemProxy;
			containerPortal = 1FD120CE27E831AE00C0F4F5 /* Project object */;
			proxyType = 1;
			remoteGlobalIDString = 1FD120D527E831AE00C0F4F5;
			remoteInfo = Application;
		};
		1FD120F727E831AF00C0F4F5 /* PBXContainerItemProxy */ = {
			isa = PBXContainerItemProxy;
			containerPortal = 1FD120CE27E831AE00C0F4F5 /* Project object */;
			proxyType = 1;
			remoteGlobalIDString = 1FD120D527E831AE00C0F4F5;
			remoteInfo = Application;
		};
/* End PBXContainerItemProxy section */

/* Begin PBXCopyFilesBuildPhase section */
		1FD121BD27E8465400C0F4F5 /* Embed Frameworks */ = {
			isa = PBXCopyFilesBuildPhase;
			buildActionMask = 2147483647;
			dstPath = "";
			dstSubfolderSpec = 10;
			files = (
				1FC4AA28282CC6A100E8C36D /* FeatureX.framework in Embed Frameworks */,
				1FD121BC27E8465400C0F4F5 /* Core.framework in Embed Frameworks */,
			);
			name = "Embed Frameworks";
			runOnlyForDeploymentPostprocessing = 0;
		};
/* End PBXCopyFilesBuildPhase section */

/* Begin PBXFileReference section */
		1FC4AA26282CC6A100E8C36D /* FeatureX.framework */ = {isa = PBXFileReference; explicitFileType = wrapper.framework; path = FeatureX.framework; sourceTree = BUILT_PRODUCTS_DIR; };
		1FD120D627E831AE00C0F4F5 /* Application.app */ = {isa = PBXFileReference; explicitFileType = wrapper.application; includeInIndex = 0; path = Application.app; sourceTree = BUILT_PRODUCTS_DIR; };
		1FD120D927E831AE00C0F4F5 /* AppDelegate.swift */ = {isa = PBXFileReference; lastKnownFileType = sourcecode.swift; path = AppDelegate.swift; sourceTree = "<group>"; };
		1FD120DB27E831AE00C0F4F5 /* SceneDelegate.swift */ = {isa = PBXFileReference; lastKnownFileType = sourcecode.swift; path = SceneDelegate.swift; sourceTree = "<group>"; };
		1FD120DD27E831AE00C0F4F5 /* ViewController.swift */ = {isa = PBXFileReference; lastKnownFileType = sourcecode.swift; path = ViewController.swift; sourceTree = "<group>"; };
		1FD120E027E831AE00C0F4F5 /* Base */ = {isa = PBXFileReference; lastKnownFileType = file.storyboard; name = Base; path = Base.lproj/Main.storyboard; sourceTree = "<group>"; };
		1FD120E227E831AF00C0F4F5 /* Assets.xcassets */ = {isa = PBXFileReference; lastKnownFileType = folder.assetcatalog; path = Assets.xcassets; sourceTree = "<group>"; };
		1FD120E527E831AF00C0F4F5 /* Base */ = {isa = PBXFileReference; lastKnownFileType = file.storyboard; name = Base; path = Base.lproj/LaunchScreen.storyboard; sourceTree = "<group>"; };
		1FD120E727E831AF00C0F4F5 /* Info.plist */ = {isa = PBXFileReference; lastKnownFileType = text.plist.xml; path = Info.plist; sourceTree = "<group>"; };
		1FD120EC27E831AF00C0F4F5 /* ApplicationTests.xctest */ = {isa = PBXFileReference; explicitFileType = wrapper.cfbundle; includeInIndex = 0; path = ApplicationTests.xctest; sourceTree = BUILT_PRODUCTS_DIR; };
		1FD120F027E831AF00C0F4F5 /* ApplicationTests.swift */ = {isa = PBXFileReference; lastKnownFileType = sourcecode.swift; path = ApplicationTests.swift; sourceTree = "<group>"; };
		1FD120F627E831AF00C0F4F5 /* ApplicationUITests.xctest */ = {isa = PBXFileReference; explicitFileType = wrapper.cfbundle; includeInIndex = 0; path = ApplicationUITests.xctest; sourceTree = BUILT_PRODUCTS_DIR; };
		1FD120FA27E831AF00C0F4F5 /* ApplicationUITests.swift */ = {isa = PBXFileReference; lastKnownFileType = sourcecode.swift; path = ApplicationUITests.swift; sourceTree = "<group>"; };
		1FD120FC27E831AF00C0F4F5 /* ApplicationUITestsLaunchTests.swift */ = {isa = PBXFileReference; lastKnownFileType = sourcecode.swift; path = ApplicationUITestsLaunchTests.swift; sourceTree = "<group>"; };
		1FD121B827E8451D00C0F4F5 /* AppDummy.swift */ = {isa = PBXFileReference; lastKnownFileType = sourcecode.swift; path = AppDummy.swift; sourceTree = "<group>"; };
		1FD121BA27E8465400C0F4F5 /* Core.framework */ = {isa = PBXFileReference; explicitFileType = wrapper.framework; path = Core.framework; sourceTree = BUILT_PRODUCTS_DIR; };
		654188FF013973E60D385B10 /* Pods-Application.debug.xcconfig */ = {isa = PBXFileReference; includeInIndex = 1; lastKnownFileType = text.xcconfig; name = "Pods-Application.debug.xcconfig"; path = "Target Support Files/Pods-Application/Pods-Application.debug.xcconfig"; sourceTree = "<group>"; };
		DCE1EF878E60FA8F9B196CEA /* libPods-Application.a */ = {isa = PBXFileReference; explicitFileType = archive.ar; includeInIndex = 0; path = "libPods-Application.a"; sourceTree = BUILT_PRODUCTS_DIR; };
		F7165BBBA03F8D240ABAA7B6 /* Pods-Application.release.xcconfig */ = {isa = PBXFileReference; includeInIndex = 1; lastKnownFileType = text.xcconfig; name = "Pods-Application.release.xcconfig"; path = "Target Support Files/Pods-Application/Pods-Application.release.xcconfig"; sourceTree = "<group>"; };
/* End PBXFileReference section */

/* Begin PBXFrameworksBuildPhase section */
		1FD120D327E831AE00C0F4F5 /* Frameworks */ = {
			isa = PBXFrameworksBuildPhase;
			buildActionMask = 2147483647;
			files = (
				70F29427181E568B46E71E78 /* libPods-Application.a in Frameworks */,
				1FC4AA27282CC6A100E8C36D /* FeatureX.framework in Frameworks */,
				1FD121BB27E8465400C0F4F5 /* Core.framework in Frameworks */,
			);
			runOnlyForDeploymentPostprocessing = 0;
		};
		1FD120E927E831AF00C0F4F5 /* Frameworks */ = {
			isa = PBXFrameworksBuildPhase;
			buildActionMask = 2147483647;
			files = (
			);
			runOnlyForDeploymentPostprocessing = 0;
		};
		1FD120F327E831AF00C0F4F5 /* Frameworks */ = {
			isa = PBXFrameworksBuildPhase;
			buildActionMask = 2147483647;
			files = (
			);
			runOnlyForDeploymentPostprocessing = 0;
		};
/* End PBXFrameworksBuildPhase section */

/* Begin PBXGroup section */
		1FD120CD27E831AE00C0F4F5 = {
			isa = PBXGroup;
			children = (
				1FD120D827E831AE00C0F4F5 /* Application */,
				1FD120EF27E831AF00C0F4F5 /* ApplicationTests */,
				1FD120F927E831AF00C0F4F5 /* ApplicationUITests */,
				1FD120D727E831AE00C0F4F5 /* Products */,
				EB7BEAA79035CF828DF8240D /* Pods */,
				80008C78A729304A84B98B36 /* Frameworks */,
			);
			sourceTree = "<group>";
		};
		1FD120D727E831AE00C0F4F5 /* Products */ = {
			isa = PBXGroup;
			children = (
				1FD120D627E831AE00C0F4F5 /* Application.app */,
				1FD120EC27E831AF00C0F4F5 /* ApplicationTests.xctest */,
				1FD120F627E831AF00C0F4F5 /* ApplicationUITests.xctest */,
			);
			name = Products;
			sourceTree = "<group>";
		};
		1FD120D827E831AE00C0F4F5 /* Application */ = {
			isa = PBXGroup;
			children = (
				1FD120D927E831AE00C0F4F5 /* AppDelegate.swift */,
				1FD120DB27E831AE00C0F4F5 /* SceneDelegate.swift */,
				1FD120DD27E831AE00C0F4F5 /* ViewController.swift */,
				1FD120DF27E831AE00C0F4F5 /* Main.storyboard */,
				1FD120E227E831AF00C0F4F5 /* Assets.xcassets */,
				1FD120E427E831AF00C0F4F5 /* LaunchScreen.storyboard */,
				1FD120E727E831AF00C0F4F5 /* Info.plist */,
				1FD121B827E8451D00C0F4F5 /* AppDummy.swift */,
			);
			path = Application;
			sourceTree = "<group>";
		};
		1FD120EF27E831AF00C0F4F5 /* ApplicationTests */ = {
			isa = PBXGroup;
			children = (
				1FD120F027E831AF00C0F4F5 /* ApplicationTests.swift */,
			);
			path = ApplicationTests;
			sourceTree = "<group>";
		};
		1FD120F927E831AF00C0F4F5 /* ApplicationUITests */ = {
			isa = PBXGroup;
			children = (
				1FD120FA27E831AF00C0F4F5 /* ApplicationUITests.swift */,
				1FD120FC27E831AF00C0F4F5 /* ApplicationUITestsLaunchTests.swift */,
			);
			path = ApplicationUITests;
			sourceTree = "<group>";
		};
		80008C78A729304A84B98B36 /* Frameworks */ = {
			isa = PBXGroup;
			children = (
				1FC4AA26282CC6A100E8C36D /* FeatureX.framework */,
				1FD121BA27E8465400C0F4F5 /* Core.framework */,
				DCE1EF878E60FA8F9B196CEA /* libPods-Application.a */,
			);
			name = Frameworks;
			sourceTree = "<group>";
		};
		EB7BEAA79035CF828DF8240D /* Pods */ = {
			isa = PBXGroup;
			children = (
				654188FF013973E60D385B10 /* Pods-Application.debug.xcconfig */,
				F7165BBBA03F8D240ABAA7B6 /* Pods-Application.release.xcconfig */,
			);
			name = Pods;
			path = ../Pods;
			sourceTree = "<group>";
		};
/* End PBXGroup section */

/* Begin PBXNativeTarget section */
		1FD120D527E831AE00C0F4F5 /* Application */ = {
			isa = PBXNativeTarget;
			buildConfigurationList = 1FD1210027E831AF00C0F4F5 /* Build configuration list for PBXNativeTarget "Application" */;
			buildPhases = (
				620B5D09402D8B36AA521DB6 /* [CP] Check Pods Manifest.lock */,
				1FD120D227E831AE00C0F4F5 /* Sources */,
				1FD120D327E831AE00C0F4F5 /* Frameworks */,
				1FD120D427E831AE00C0F4F5 /* Resources */,
				1FD121BD27E8465400C0F4F5 /* Embed Frameworks */,
			);
			buildRules = (
			);
			dependencies = (
			);
			name = Application;
			productName = Application;
			productReference = 1FD120D627E831AE00C0F4F5 /* Application.app */;
			productType = "com.apple.product-type.application";
		};
		1FD120EB27E831AF00C0F4F5 /* ApplicationTests */ = {
			isa = PBXNativeTarget;
			buildConfigurationList = 1FD1210327E831AF00C0F4F5 /* Build configuration list for PBXNativeTarget "ApplicationTests" */;
			buildPhases = (
				1FD120E827E831AF00C0F4F5 /* Sources */,
				1FD120E927E831AF00C0F4F5 /* Frameworks */,
				1FD120EA27E831AF00C0F4F5 /* Resources */,
			);
			buildRules = (
			);
			dependencies = (
				1FD120EE27E831AF00C0F4F5 /* PBXTargetDependency */,
			);
			name = ApplicationTests;
			productName = ApplicationTests;
			productReference = 1FD120EC27E831AF00C0F4F5 /* ApplicationTests.xctest */;
			productType = "com.apple.product-type.bundle.unit-test";
		};
		1FD120F527E831AF00C0F4F5 /* ApplicationUITests */ = {
			isa = PBXNativeTarget;
			buildConfigurationList = 1FD1210627E831AF00C0F4F5 /* Build configuration list for PBXNativeTarget "ApplicationUITests" */;
			buildPhases = (
				1FD120F227E831AF00C0F4F5 /* Sources */,
				1FD120F327E831AF00C0F4F5 /* Frameworks */,
				1FD120F427E831AF00C0F4F5 /* Resources */,
			);
			buildRules = (
			);
			dependencies = (
				1FD120F827E831AF00C0F4F5 /* PBXTargetDependency */,
			);
			name = ApplicationUITests;
			productName = ApplicationUITests;
			productReference = 1FD120F627E831AF00C0F4F5 /* ApplicationUITests.xctest */;
			productType = "com.apple.product-type.bundle.ui-testing";
		};
/* End PBXNativeTarget section */

/* Begin PBXProject section */
		1FD120CE27E831AE00C0F4F5 /* Project object */ = {
			isa = PBXProject;
			attributes = {
				BuildIndependentTargetsInParallel = 1;
				LastSwiftUpdateCheck = 1320;
				LastUpgradeCheck = 1320;
				TargetAttributes = {
					1FD120D527E831AE00C0F4F5 = {
						CreatedOnToolsVersion = 13.2.1;
					};
					1FD120EB27E831AF00C0F4F5 = {
						CreatedOnToolsVersion = 13.2.1;
						TestTargetID = 1FD120D527E831AE00C0F4F5;
					};
					1FD120F527E831AF00C0F4F5 = {
						CreatedOnToolsVersion = 13.2.1;
						TestTargetID = 1FD120D527E831AE00C0F4F5;
					};
				};
			};
			buildConfigurationList = 1FD120D127E831AE00C0F4F5 /* Build configuration list for PBXProject "Application" */;
			compatibilityVersion = "Xcode 13.0";
			developmentRegion = en;
			hasScannedForEncodings = 0;
			knownRegions = (
				en,
				Base,
			);
			mainGroup = 1FD120CD27E831AE00C0F4F5;
			productRefGroup = 1FD120D727E831AE00C0F4F5 /* Products */;
			projectDirPath = "";
			projectRoot = "";
			targets = (
				1FD120D527E831AE00C0F4F5 /* Application */,
				1FD120EB27E831AF00C0F4F5 /* ApplicationTests */,
				1FD120F527E831AF00C0F4F5 /* ApplicationUITests */,
			);
		};
/* End PBXProject section */

/* Begin PBXResourcesBuildPhase section */
		1FD120D427E831AE00C0F4F5 /* Resources */ = {
			isa = PBXResourcesBuildPhase;
			buildActionMask = 2147483647;
			files = (
				1FD120E627E831AF00C0F4F5 /* LaunchScreen.storyboard in Resources */,
				1FD120E327E831AF00C0F4F5 /* Assets.xcassets in Resources */,
				1FD120E127E831AE00C0F4F5 /* Main.storyboard in Resources */,
			);
			runOnlyForDeploymentPostprocessing = 0;
		};
		1FD120EA27E831AF00C0F4F5 /* Resources */ = {
			isa = PBXResourcesBuildPhase;
			buildActionMask = 2147483647;
			files = (
			);
			runOnlyForDeploymentPostprocessing = 0;
		};
		1FD120F427E831AF00C0F4F5 /* Resources */ = {
			isa = PBXResourcesBuildPhase;
			buildActionMask = 2147483647;
			files = (
			);
			runOnlyForDeploymentPostprocessing = 0;
		};
/* End PBXResourcesBuildPhase section */

/* Begin PBXShellScriptBuildPhase section */
		620B5D09402D8B36AA521DB6 /* [CP] Check Pods Manifest.lock */ = {
			isa = PBXShellScriptBuildPhase;
			buildActionMask = 2147483647;
			files = (
			);
			inputFileListPaths = (
			);
			inputPaths = (
				"${PODS_PODFILE_DIR_PATH}/Podfile.lock",
				"${PODS_ROOT}/Manifest.lock",
			);
			name = "[CP] Check Pods Manifest.lock";
			outputFileListPaths = (
			);
			outputPaths = (
				"$(DERIVED_FILE_DIR)/Pods-Application-checkManifestLockResult.txt",
			);
			runOnlyForDeploymentPostprocessing = 0;
			shellPath = /bin/sh;
			shellScript = "diff \"${PODS_PODFILE_DIR_PATH}/Podfile.lock\" \"${PODS_ROOT}/Manifest.lock\" > /dev/null\nif [ $? != 0 ] ; then\n    # print error to STDERR\n    echo \"error: The sandbox is not in sync with the Podfile.lock. Run 'pod install' or update your CocoaPods installation.\" >&2\n    exit 1\nfi\n# This output is used by Xcode 'outputs' to avoid re-running this script phase.\necho \"SUCCESS\" > \"${SCRIPT_OUTPUT_FILE_0}\"\n";
			showEnvVarsInLog = 0;
		};
/* End PBXShellScriptBuildPhase section */

/* Begin PBXSourcesBuildPhase section */
		1FD120D227E831AE00C0F4F5 /* Sources */ = {
			isa = PBXSourcesBuildPhase;
			buildActionMask = 2147483647;
			files = (
				1FD120DE27E831AE00C0F4F5 /* ViewController.swift in Sources */,
				1FD120DA27E831AE00C0F4F5 /* AppDelegate.swift in Sources */,
				1FD121B927E8451D00C0F4F5 /* AppDummy.swift in Sources */,
				1FD120DC27E831AE00C0F4F5 /* SceneDelegate.swift in Sources */,
			);
			runOnlyForDeploymentPostprocessing = 0;
		};
		1FD120E827E831AF00C0F4F5 /* Sources */ = {
			isa = PBXSourcesBuildPhase;
			buildActionMask = 2147483647;
			files = (
				1FD120F127E831AF00C0F4F5 /* ApplicationTests.swift in Sources */,
			);
			runOnlyForDeploymentPostprocessing = 0;
		};
		1FD120F227E831AF00C0F4F5 /* Sources */ = {
			isa = PBXSourcesBuildPhase;
			buildActionMask = 2147483647;
			files = (
				1FD120FB27E831AF00C0F4F5 /* ApplicationUITests.swift in Sources */,
				1FD120FD27E831AF00C0F4F5 /* ApplicationUITestsLaunchTests.swift in Sources */,
			);
			runOnlyForDeploymentPostprocessing = 0;
		};
/* End PBXSourcesBuildPhase section */

/* Begin PBXTargetDependency section */
		1FD120EE27E831AF00C0F4F5 /* PBXTargetDependency */ = {
			isa = PBXTargetDependency;
			target = 1FD120D527E831AE00C0F4F5 /* Application */;
			targetProxy = 1FD120ED27E831AF00C0F4F5 /* PBXContainerItemProxy */;
		};
		1FD120F827E831AF00C0F4F5 /* PBXTargetDependency */ = {
			isa = PBXTargetDependency;
			target = 1FD120D527E831AE00C0F4F5 /* Application */;
			targetProxy = 1FD120F727E831AF00C0F4F5 /* PBXContainerItemProxy */;
		};
/* End PBXTargetDependency section */

/* Begin PBXVariantGroup section */
		1FD120DF27E831AE00C0F4F5 /* Main.storyboard */ = {
			isa = PBXVariantGroup;
			children = (
				1FD120E027E831AE00C0F4F5 /* Base */,
			);
			name = Main.storyboard;
			sourceTree = "<group>";
		};
		1FD120E427E831AF00C0F4F5 /* LaunchScreen.storyboard */ = {
			isa = PBXVariantGroup;
			children = (
				1FD120E527E831AF00C0F4F5 /* Base */,
			);
			name = LaunchScreen.storyboard;
			sourceTree = "<group>";
		};
/* End PBXVariantGroup section */

/* Begin XCBuildConfiguration section */
		1FD120FE27E831AF00C0F4F5 /* Debug */ = {
			isa = XCBuildConfiguration;
			buildSettings = {
				ALWAYS_SEARCH_USER_PATHS = NO;
				CLANG_ANALYZER_NONNULL = YES;
				CLANG_ANALYZER_NUMBER_OBJECT_CONVERSION = YES_AGGRESSIVE;
				CLANG_CXX_LANGUAGE_STANDARD = "gnu++17";
				CLANG_CXX_LIBRARY = "libc++";
				CLANG_ENABLE_MODULES = YES;
				CLANG_ENABLE_OBJC_ARC = YES;
				CLANG_ENABLE_OBJC_WEAK = YES;
				CLANG_WARN_BLOCK_CAPTURE_AUTORELEASING = YES;
				CLANG_WARN_BOOL_CONVERSION = YES;
				CLANG_WARN_COMMA = YES;
				CLANG_WARN_CONSTANT_CONVERSION = YES;
				CLANG_WARN_DEPRECATED_OBJC_IMPLEMENTATIONS = YES;
				CLANG_WARN_DIRECT_OBJC_ISA_USAGE = YES_ERROR;
				CLANG_WARN_DOCUMENTATION_COMMENTS = YES;
				CLANG_WARN_EMPTY_BODY = YES;
				CLANG_WARN_ENUM_CONVERSION = YES;
				CLANG_WARN_INFINITE_RECURSION = YES;
				CLANG_WARN_INT_CONVERSION = YES;
				CLANG_WARN_NON_LITERAL_NULL_CONVERSION = YES;
				CLANG_WARN_OBJC_IMPLICIT_RETAIN_SELF = YES;
				CLANG_WARN_OBJC_LITERAL_CONVERSION = YES;
				CLANG_WARN_OBJC_ROOT_CLASS = YES_ERROR;
				CLANG_WARN_QUOTED_INCLUDE_IN_FRAMEWORK_HEADER = YES;
				CLANG_WARN_RANGE_LOOP_ANALYSIS = YES;
				CLANG_WARN_STRICT_PROTOTYPES = YES;
				CLANG_WARN_SUSPICIOUS_MOVE = YES;
				CLANG_WARN_UNGUARDED_AVAILABILITY = YES_AGGRESSIVE;
				CLANG_WARN_UNREACHABLE_CODE = YES;
				CLANG_WARN__DUPLICATE_METHOD_MATCH = YES;
				COPY_PHASE_STRIP = NO;
				DEBUG_INFORMATION_FORMAT = dwarf;
				ENABLE_STRICT_OBJC_MSGSEND = YES;
				ENABLE_TESTABILITY = YES;
				GCC_C_LANGUAGE_STANDARD = gnu11;
				GCC_DYNAMIC_NO_PIC = NO;
				GCC_NO_COMMON_BLOCKS = YES;
				GCC_OPTIMIZATION_LEVEL = 0;
				GCC_PREPROCESSOR_DEFINITIONS = (
					"DEBUG=1",
					"$(inherited)",
				);
				GCC_WARN_64_TO_32_BIT_CONVERSION = YES;
				GCC_WARN_ABOUT_RETURN_TYPE = YES_ERROR;
				GCC_WARN_UNDECLARED_SELECTOR = YES;
				GCC_WARN_UNINITIALIZED_AUTOS = YES_AGGRESSIVE;
				GCC_WARN_UNUSED_FUNCTION = YES;
				GCC_WARN_UNUSED_VARIABLE = YES;
				IPHONEOS_DEPLOYMENT_TARGET = 15.2;
				MTL_ENABLE_DEBUG_INFO = INCLUDE_SOURCE;
				MTL_FAST_MATH = YES;
				ONLY_ACTIVE_ARCH = YES;
				SDKROOT = iphoneos;
				SWIFT_ACTIVE_COMPILATION_CONDITIONS = DEBUG;
				SWIFT_OPTIMIZATION_LEVEL = "-Onone";
			};
			name = Debug;
		};
		1FD120FF27E831AF00C0F4F5 /* Release */ = {
			isa = XCBuildConfiguration;
			buildSettings = {
				ALWAYS_SEARCH_USER_PATHS = NO;
				CLANG_ANALYZER_NONNULL = YES;
				CLANG_ANALYZER_NUMBER_OBJECT_CONVERSION = YES_AGGRESSIVE;
				CLANG_CXX_LANGUAGE_STANDARD = "gnu++17";
				CLANG_CXX_LIBRARY = "libc++";
				CLANG_ENABLE_MODULES = YES;
				CLANG_ENABLE_OBJC_ARC = YES;
				CLANG_ENABLE_OBJC_WEAK = YES;
				CLANG_WARN_BLOCK_CAPTURE_AUTORELEASING = YES;
				CLANG_WARN_BOOL_CONVERSION = YES;
				CLANG_WARN_COMMA = YES;
				CLANG_WARN_CONSTANT_CONVERSION = YES;
				CLANG_WARN_DEPRECATED_OBJC_IMPLEMENTATIONS = YES;
				CLANG_WARN_DIRECT_OBJC_ISA_USAGE = YES_ERROR;
				CLANG_WARN_DOCUMENTATION_COMMENTS = YES;
				CLANG_WARN_EMPTY_BODY = YES;
				CLANG_WARN_ENUM_CONVERSION = YES;
				CLANG_WARN_INFINITE_RECURSION = YES;
				CLANG_WARN_INT_CONVERSION = YES;
				CLANG_WARN_NON_LITERAL_NULL_CONVERSION = YES;
				CLANG_WARN_OBJC_IMPLICIT_RETAIN_SELF = YES;
				CLANG_WARN_OBJC_LITERAL_CONVERSION = YES;
				CLANG_WARN_OBJC_ROOT_CLASS = YES_ERROR;
				CLANG_WARN_QUOTED_INCLUDE_IN_FRAMEWORK_HEADER = YES;
				CLANG_WARN_RANGE_LOOP_ANALYSIS = YES;
				CLANG_WARN_STRICT_PROTOTYPES = YES;
				CLANG_WARN_SUSPICIOUS_MOVE = YES;
				CLANG_WARN_UNGUARDED_AVAILABILITY = YES_AGGRESSIVE;
				CLANG_WARN_UNREACHABLE_CODE = YES;
				CLANG_WARN__DUPLICATE_METHOD_MATCH = YES;
				COPY_PHASE_STRIP = NO;
				DEBUG_INFORMATION_FORMAT = "dwarf-with-dsym";
				ENABLE_NS_ASSERTIONS = NO;
				ENABLE_STRICT_OBJC_MSGSEND = YES;
				GCC_C_LANGUAGE_STANDARD = gnu11;
				GCC_NO_COMMON_BLOCKS = YES;
				GCC_WARN_64_TO_32_BIT_CONVERSION = YES;
				GCC_WARN_ABOUT_RETURN_TYPE = YES_ERROR;
				GCC_WARN_UNDECLARED_SELECTOR = YES;
				GCC_WARN_UNINITIALIZED_AUTOS = YES_AGGRESSIVE;
				GCC_WARN_UNUSED_FUNCTION = YES;
				GCC_WARN_UNUSED_VARIABLE = YES;
				IPHONEOS_DEPLOYMENT_TARGET = 15.2;
				MTL_ENABLE_DEBUG_INFO = NO;
				MTL_FAST_MATH = YES;
				SDKROOT = iphoneos;
				SWIFT_COMPILATION_MODE = wholemodule;
				SWIFT_OPTIMIZATION_LEVEL = "-O";
				VALIDATE_PRODUCT = YES;
			};
			name = Release;
		};
		1FD1210127E831AF00C0F4F5 /* Debug */ = {
			isa = XCBuildConfiguration;
			baseConfigurationReference = 654188FF013973E60D385B10 /* Pods-Application.debug.xcconfig */;
			buildSettings = {
				ASSETCATALOG_COMPILER_APPICON_NAME = AppIcon;
				ASSETCATALOG_COMPILER_GLOBAL_ACCENT_COLOR_NAME = AccentColor;
				CODE_SIGN_STYLE = Automatic;
				CURRENT_PROJECT_VERSION = 1;
				DEVELOPMENT_TEAM = SNTB2L8C6Q;
				GENERATE_INFOPLIST_FILE = YES;
				INFOPLIST_FILE = Application/Info.plist;
				INFOPLIST_KEY_UIApplicationSupportsIndirectInputEvents = YES;
				INFOPLIST_KEY_UILaunchStoryboardName = LaunchScreen;
				INFOPLIST_KEY_UIMainStoryboardFile = Main;
				INFOPLIST_KEY_UISupportedInterfaceOrientations_iPad = "UIInterfaceOrientationPortrait UIInterfaceOrientationPortraitUpsideDown UIInterfaceOrientationLandscapeLeft UIInterfaceOrientationLandscapeRight";
				INFOPLIST_KEY_UISupportedInterfaceOrientations_iPhone = "UIInterfaceOrientationPortrait UIInterfaceOrientationLandscapeLeft UIInterfaceOrientationLandscapeRight";
				LD_RUNPATH_SEARCH_PATHS = (
					"$(inherited)",
					"@executable_path/Frameworks",
				);
				MARKETING_VERSION = 1.0;
				PRODUCT_BUNDLE_IDENTIFIER = com.hcdev.Application;
				PRODUCT_NAME = "$(TARGET_NAME)";
				SWIFT_EMIT_LOC_STRINGS = YES;
				SWIFT_VERSION = 5.0;
				TARGETED_DEVICE_FAMILY = 1;
			};
			name = Debug;
		};
		1FD1210227E831AF00C0F4F5 /* Release */ = {
			isa = XCBuildConfiguration;
			baseConfigurationReference = F7165BBBA03F8D240ABAA7B6 /* Pods-Application.release.xcconfig */;
			buildSettings = {
				ASSETCATALOG_COMPILER_APPICON_NAME = AppIcon;
				ASSETCATALOG_COMPILER_GLOBAL_ACCENT_COLOR_NAME = AccentColor;
				CODE_SIGN_STYLE = Automatic;
				CURRENT_PROJECT_VERSION = 1;
				DEVELOPMENT_TEAM = SNTB2L8C6Q;
				GENERATE_INFOPLIST_FILE = YES;
				INFOPLIST_FILE = Application/Info.plist;
				INFOPLIST_KEY_UIApplicationSupportsIndirectInputEvents = YES;
				INFOPLIST_KEY_UILaunchStoryboardName = LaunchScreen;
				INFOPLIST_KEY_UIMainStoryboardFile = Main;
				INFOPLIST_KEY_UISupportedInterfaceOrientations_iPad = "UIInterfaceOrientationPortrait UIInterfaceOrientationPortraitUpsideDown UIInterfaceOrientationLandscapeLeft UIInterfaceOrientationLandscapeRight";
				INFOPLIST_KEY_UISupportedInterfaceOrientations_iPhone = "UIInterfaceOrientationPortrait UIInterfaceOrientationLandscapeLeft UIInterfaceOrientationLandscapeRight";
				LD_RUNPATH_SEARCH_PATHS = (
					"$(inherited)",
					"@executable_path/Frameworks",
				);
				MARKETING_VERSION = 1.0;
				PRODUCT_BUNDLE_IDENTIFIER = com.hcdev.Application;
				PRODUCT_NAME = "$(TARGET_NAME)";
				SWIFT_EMIT_LOC_STRINGS = YES;
				SWIFT_VERSION = 5.0;
				TARGETED_DEVICE_FAMILY = 1;
			};
			name = Release;
		};
		1FD1210427E831AF00C0F4F5 /* Debug */ = {
			isa = XCBuildConfiguration;
			buildSettings = {
				ALWAYS_EMBED_SWIFT_STANDARD_LIBRARIES = YES;
				BUNDLE_LOADER = "$(TEST_HOST)";
				CODE_SIGN_STYLE = Automatic;
				CURRENT_PROJECT_VERSION = 1;
				DEVELOPMENT_TEAM = SNTB2L8C6Q;
				GENERATE_INFOPLIST_FILE = YES;
				IPHONEOS_DEPLOYMENT_TARGET = 15.2;
				MARKETING_VERSION = 1.0;
				PRODUCT_BUNDLE_IDENTIFIER = com.hcdev.ApplicationTests;
				PRODUCT_NAME = "$(TARGET_NAME)";
				SWIFT_EMIT_LOC_STRINGS = NO;
				SWIFT_VERSION = 5.0;
				TARGETED_DEVICE_FAMILY = "1,2";
				TEST_HOST = "$(BUILT_PRODUCTS_DIR)/Application.app/Application";
			};
			name = Debug;
		};
		1FD1210527E831AF00C0F4F5 /* Release */ = {
			isa = XCBuildConfiguration;
			buildSettings = {
				ALWAYS_EMBED_SWIFT_STANDARD_LIBRARIES = YES;
				BUNDLE_LOADER = "$(TEST_HOST)";
				CODE_SIGN_STYLE = Automatic;
				CURRENT_PROJECT_VERSION = 1;
				DEVELOPMENT_TEAM = SNTB2L8C6Q;
				GENERATE_INFOPLIST_FILE = YES;
				IPHONEOS_DEPLOYMENT_TARGET = 15.2;
				MARKETING_VERSION = 1.0;
				PRODUCT_BUNDLE_IDENTIFIER = com.hcdev.ApplicationTests;
				PRODUCT_NAME = "$(TARGET_NAME)";
				SWIFT_EMIT_LOC_STRINGS = NO;
				SWIFT_VERSION = 5.0;
				TARGETED_DEVICE_FAMILY = "1,2";
				TEST_HOST = "$(BUILT_PRODUCTS_DIR)/Application.app/Application";
			};
			name = Release;
		};
		1FD1210727E831AF00C0F4F5 /* Debug */ = {
			isa = XCBuildConfiguration;
			buildSettings = {
				ALWAYS_EMBED_SWIFT_STANDARD_LIBRARIES = YES;
				CODE_SIGN_STYLE = Automatic;
				CURRENT_PROJECT_VERSION = 1;
				DEVELOPMENT_TEAM = SNTB2L8C6Q;
				GENERATE_INFOPLIST_FILE = YES;
				MARKETING_VERSION = 1.0;
				PRODUCT_BUNDLE_IDENTIFIER = com.hcdev.ApplicationUITests;
				PRODUCT_NAME = "$(TARGET_NAME)";
				SWIFT_EMIT_LOC_STRINGS = NO;
				SWIFT_VERSION = 5.0;
				TARGETED_DEVICE_FAMILY = "1,2";
				TEST_TARGET_NAME = Application;
			};
			name = Debug;
		};
		1FD1210827E831AF00C0F4F5 /* Release */ = {
			isa = XCBuildConfiguration;
			buildSettings = {
				ALWAYS_EMBED_SWIFT_STANDARD_LIBRARIES = YES;
				CODE_SIGN_STYLE = Automatic;
				CURRENT_PROJECT_VERSION = 1;
				DEVELOPMENT_TEAM = SNTB2L8C6Q;
				GENERATE_INFOPLIST_FILE = YES;
				MARKETING_VERSION = 1.0;
				PRODUCT_BUNDLE_IDENTIFIER = com.hcdev.ApplicationUITests;
				PRODUCT_NAME = "$(TARGET_NAME)";
				SWIFT_EMIT_LOC_STRINGS = NO;
				SWIFT_VERSION = 5.0;
				TARGETED_DEVICE_FAMILY = "1,2";
				TEST_TARGET_NAME = Application;
			};
			name = Release;
		};
/* End XCBuildConfiguration section */

/* Begin XCConfigurationList section */
		1FD120D127E831AE00C0F4F5 /* Build configuration list for PBXProject "Application" */ = {
			isa = XCConfigurationList;
			buildConfigurations = (
				1FD120FE27E831AF00C0F4F5 /* Debug */,
				1FD120FF27E831AF00C0F4F5 /* Release */,
			);
			defaultConfigurationIsVisible = 0;
			defaultConfigurationName = Release;
		};
		1FD1210027E831AF00C0F4F5 /* Build configuration list for PBXNativeTarget "Application" */ = {
			isa = XCConfigurationList;
			buildConfigurations = (
				1FD1210127E831AF00C0F4F5 /* Debug */,
				1FD1210227E831AF00C0F4F5 /* Release */,
			);
			defaultConfigurationIsVisible = 0;
			defaultConfigurationName = Release;
		};
		1FD1210327E831AF00C0F4F5 /* Build configuration list for PBXNativeTarget "ApplicationTests" */ = {
			isa = XCConfigurationList;
			buildConfigurations = (
				1FD1210427E831AF00C0F4F5 /* Debug */,
				1FD1210527E831AF00C0F4F5 /* Release */,
			);
			defaultConfigurationIsVisible = 0;
			defaultConfigurationName = Release;
		};
		1FD1210627E831AF00C0F4F5 /* Build configuration list for PBXNativeTarget "ApplicationUITests" */ = {
			isa = XCConfigurationList;
			buildConfigurations = (
				1FD1210727E831AF00C0F4F5 /* Debug */,
				1FD1210827E831AF00C0F4F5 /* Release */,
			);
			defaultConfigurationIsVisible = 0;
			defaultConfigurationName = Release;
		};
/* End XCConfigurationList section */
	};
	rootObject = 1FD120CE27E831AE00C0F4F5 /* Project object */;
}
